
Microsoft Visual Studio Solution File, Format Version 12.00
# Visual Studio Version 16
VisualStudioVersion = 16.0.31321.278
MinimumVisualStudioVersion = 10.0.40219.1
Project("{FAE04EC0-301F-11D3-BF4B-00C04F79EFBC}") = "Ex_Pedidos", "Ex_Pedidos\Ex_Pedidos.csproj", "{2BC9A878-4F73-43BD-82FB-9AD4223DCDFA}"
EndProject
Global
	GlobalSection(SolutionConfigurationPlatforms) = preSolution
		Debug|Any CPU = Debug|Any CPU
		Release|Any CPU = Release|Any CPU
	EndGlobalSection
	GlobalSection(ProjectConfigurationPlatforms) = postSolution
		{2BC9A878-4F73-43BD-82FB-9AD4223DCDFA}.Debug|Any CPU.ActiveCfg = Debug|Any CPU
		{2BC9A878-4F73-43BD-82FB-9AD4223DCDFA}.Debug|Any CPU.Build.0 = Debug|Any CPU
		{2BC9A878-4F73-43BD-82FB-9AD4223DCDFA}.Release|Any CPU.ActiveCfg = Release|Any CPU
		{2BC9A878-4F73-43BD-82FB-9AD4223DCDFA}.Release|Any CPU.Build.0 = Release|Any CPU
	EndGlobalSection
	GlobalSection(SolutionProperties) = preSolution
		HideSolutionNode = FALSE
	EndGlobalSection
	GlobalSection(ExtensibilityGlobals) = postSolution
		SolutionGuid = {06371F25-D4A7-4A05-9035-5FA5DFF0D243}
	EndGlobalSection
EndGlobal
